<?xml version="1.0" encoding="utf-8"?>
<Project ToolsVersion="4.0" xmlns="http://schemas.microsoft.com/developer/msbuild/2003">
  <ItemGroup>
    <Filter Include="Source Files">
      <UniqueIdentifier>{4FC737F1-C7A5-4376-A066-2A32D752A2FF}</UniqueIdentifier>
      <Extensions>cpp;c;cc;cxx;def;odl;idl;hpj;bat;asm;asmx</Extensions>
    </Filter>
    <Filter Include="Resource Files">
      <UniqueIdentifier>{67DA6AB6-F800-4c08-8B7A-83BB121AAD01}</UniqueIdentifier>
      <Extensions>rc;ico;cur;bmp;dlg;rc2;rct;bin;rgs;gif;jpg;jpeg;jpe;resx;tiff;tif;png;wav;mfcribbon-ms</Extensions>
    </Filter>
    <Filter Include="Game Builder">
      <UniqueIdentifier>{5c50c227-9d88-4e8b-99fc-b1147d648b75}</UniqueIdentifier>
    </Filter>
    <Filter Include="Developer">
      <UniqueIdentifier>{b2d19cb0-d578-41c7-ac13-dcecbf763cbc}</UniqueIdentifier>
    </Filter>
    <Filter Include="Developer\Core">
      <UniqueIdentifier>{6cfcca49-3faa-4cc9-9a8f-7d9b8ebcd6e0}</UniqueIdentifier>
    </Filter>
    <Filter Include="Developer\Core\Header">
      <UniqueIdentifier>{d60857fb-ec03-4ca3-8c5b-6f67deb24fb3}</UniqueIdentifier>
    </Filter>
    <Filter Include="Developer\Core\Source">
      <UniqueIdentifier>{056f7492-2d4f-4b85-8591-0d2683a8fd79}</UniqueIdentifier>
    </Filter>
    <Filter Include="Developer\Engine">
      <UniqueIdentifier>{6b7b4e3c-2923-4ee6-8df3-2f6a455bd0af}</UniqueIdentifier>
    </Filter>
    <Filter Include="Developer\Engine\Source">
      <UniqueIdentifier>{ebd59584-93ff-4701-8f3e-84e32cd0f787}</UniqueIdentifier>
    </Filter>
    <Filter Include="Developer\Engine\MVC">
      <UniqueIdentifier>{ac5e9c77-1656-4879-a8e9-c2e3147adb86}</UniqueIdentifier>
    </Filter>
    <Filter Include="Developer\Engine\MVC\Headers">
      <UniqueIdentifier>{f238f82a-daf8-420c-a4ad-5849df96e3ce}</UniqueIdentifier>
    </Filter>
    <Filter Include="Developer\Engine\MVC\Headers\Controllers">
      <UniqueIdentifier>{0a30167f-7123-4853-9934-6f4a23a0df92}</UniqueIdentifier>
    </Filter>
    <Filter Include="Developer\Engine\MVC\Headers\Models">
      <UniqueIdentifier>{2493f514-a62a-4b6e-80c4-4aebe6d01855}</UniqueIdentifier>
    </Filter>
    <Filter Include="Developer\Engine\MVC\Headers\Views">
      <UniqueIdentifier>{f08bee83-b25a-4faa-ab0f-1fe2d915b1b2}</UniqueIdentifier>
    </Filter>
    <Filter Include="Developer\Engine\MVC\Headers\Concrete Classes">
      <UniqueIdentifier>{81c54409-aef5-4437-a0b9-fc724c590a85}</UniqueIdentifier>
    </Filter>
    <Filter Include="Developer\Engine\MVC\Headers\Concrete Classes\Models">
      <UniqueIdentifier>{0d2744e9-842c-4f44-9514-7c13d5b8a743}</UniqueIdentifier>
    </Filter>
    <Filter Include="Developer\Engine\MVC\Headers\Concrete Classes\Views">
      <UniqueIdentifier>{8dabe1eb-af99-4d74-9702-c7a5180d8cfb}</UniqueIdentifier>
    </Filter>
    <Filter Include="Developer\Engine\MVC\Headers\Concrete Classes\Controllers">
      <UniqueIdentifier>{21bde64a-568e-42de-b48a-e89e7f58d7d1}</UniqueIdentifier>
    </Filter>
    <Filter Include="Developer\Engine\MVC\Source">
      <UniqueIdentifier>{76c75cc9-608c-4cfa-88b8-2f2c4aa2f446}</UniqueIdentifier>
    </Filter>
    <Filter Include="Developer\Engine\MVC\Source\Controllers">
      <UniqueIdentifier>{f1f0ae4d-f69d-46bf-9346-521fb0e27d18}</UniqueIdentifier>
    </Filter>
    <Filter Include="Developer\Engine\MVC\Source\Models">
      <UniqueIdentifier>{deabb073-7add-46eb-a512-93bf5c4184bc}</UniqueIdentifier>
    </Filter>
    <Filter Include="Developer\Engine\MVC\Source\Views">
      <UniqueIdentifier>{3efd25c4-e1c4-4289-b61f-9050cb986b87}</UniqueIdentifier>
    </Filter>
    <Filter Include="Developer\Engine\MVC\Source\Concrete Classes">
      <UniqueIdentifier>{0520b73e-800f-4179-b20e-94dcd1d29176}</UniqueIdentifier>
    </Filter>
    <Filter Include="Developer\Engine\MVC\Source\Concrete Classes\Models">
      <UniqueIdentifier>{c901a876-c7b5-4955-9431-a006d2052fd6}</UniqueIdentifier>
    </Filter>
    <Filter Include="Developer\Engine\MVC\Source\Concrete Classes\Controllers">
      <UniqueIdentifier>{f504fc91-d99c-44d0-8f7e-c90f10daaf61}</UniqueIdentifier>
    </Filter>
    <Filter Include="Developer\Engine\MVC\Source\Concrete Classes\Views">
      <UniqueIdentifier>{0beba985-0f7b-4672-b2d0-5822560167bf}</UniqueIdentifier>
    </Filter>
    <Filter Include="Developer\Engine\BasicLevelObject">
      <UniqueIdentifier>{fe0741ab-7a3f-4c30-bd5e-1cbc0558a6c1}</UniqueIdentifier>
    </Filter>
    <Filter Include="Developer\Engine\BasicLevelObject\Headers">
      <UniqueIdentifier>{fadd1bf1-f0eb-4b4d-a35f-e04fa9a0c481}</UniqueIdentifier>
    </Filter>
    <Filter Include="Developer\Engine\BasicLevelObject\Source">
      <UniqueIdentifier>{b567461a-688b-44af-bb67-3d00a6afd862}</UniqueIdentifier>
    </Filter>
    <Filter Include="Developer\Engine\Command">
      <UniqueIdentifier>{3bf82921-06e1-473c-85a9-37e1a6f80164}</UniqueIdentifier>
    </Filter>
    <Filter Include="Developer\Engine\Command\Headers">
      <UniqueIdentifier>{e8f93fe7-0b62-45bd-8292-3b6fc86bfac4}</UniqueIdentifier>
    </Filter>
    <Filter Include="Developer\Engine\Command\Source">
      <UniqueIdentifier>{952743e6-9a07-42b3-b363-21657ab8efb1}</UniqueIdentifier>
    </Filter>
    <Filter Include="Developer\Engine\Command\Concrete Classes">
      <UniqueIdentifier>{6aec2f79-b6e8-4331-8cf8-3c3cf44a1152}</UniqueIdentifier>
    </Filter>
    <Filter Include="Developer\Engine\Command\Concrete Classes\Headers">
      <UniqueIdentifier>{6c67b4ad-75a3-46f1-a34c-508c5222215a}</UniqueIdentifier>
    </Filter>
    <Filter Include="Developer\Engine\Command\Concrete Classes\Source">
      <UniqueIdentifier>{e5cc401d-4bf7-48da-b206-925b9e4eaeea}</UniqueIdentifier>
    </Filter>
    <Filter Include="Developer\Engine\ECS">
      <UniqueIdentifier>{46ac35db-e898-41be-afda-dd1bc1d0b9fa}</UniqueIdentifier>
    </Filter>
    <Filter Include="Developer\Engine\ECS\Headers">
      <UniqueIdentifier>{40d8884f-851a-4afe-ab8d-a13593808d81}</UniqueIdentifier>
    </Filter>
    <Filter Include="Developer\Engine\ECS\Headers\System">
      <UniqueIdentifier>{48d9c3b8-3887-4e73-b467-5a5f62d82941}</UniqueIdentifier>
    </Filter>
    <Filter Include="Developer\Engine\ECS\Headers\Component">
      <UniqueIdentifier>{8dc7d8dd-4395-446e-8f1c-33cce673813b}</UniqueIdentifier>
    </Filter>
    <Filter Include="Developer\Engine\ECS\Headers\Entity">
      <UniqueIdentifier>{05840059-5bde-44ea-b939-4cc5e45c65bc}</UniqueIdentifier>
    </Filter>
    <Filter Include="Developer\Engine\ECS\Source">
      <UniqueIdentifier>{9cbb79a7-006b-4af0-8fce-52759b07b437}</UniqueIdentifier>
    </Filter>
    <Filter Include="Developer\Engine\ECS\Source\Component">
      <UniqueIdentifier>{997b3be8-2f82-422a-a583-5a4d42d9ab12}</UniqueIdentifier>
    </Filter>
    <Filter Include="Developer\Engine\ECS\Source\Entity">
      <UniqueIdentifier>{d430df8d-ce3f-423a-8fec-cea3c4de6027}</UniqueIdentifier>
    </Filter>
    <Filter Include="Developer\Engine\ECS\Source\System">
      <UniqueIdentifier>{2b8fb923-ce79-43e5-ab83-1ad4977934f9}</UniqueIdentifier>
    </Filter>
    <Filter Include="Developer\Engine\SceneManager">
      <UniqueIdentifier>{f16fae26-64e7-4a88-a0fb-40948f6270fd}</UniqueIdentifier>
    </Filter>
    <Filter Include="Developer\Engine\SceneManager\Headers">
      <UniqueIdentifier>{94e642d6-1093-4603-af1e-d3793146b71f}</UniqueIdentifier>
    </Filter>
    <Filter Include="Developer\Engine\SceneManager\Source">
      <UniqueIdentifier>{25e8a2d0-2d96-4201-b894-c21edf866517}</UniqueIdentifier>
    </Filter>
    <Filter Include="Developer\Engine\SceneManager\Scenes">
      <UniqueIdentifier>{ec9b4472-e59a-429d-9578-6aeb7ce6d124}</UniqueIdentifier>
    </Filter>
    <Filter Include="Developer\Engine\SceneManager\Scenes\Headers">
      <UniqueIdentifier>{0f684cc7-c9fa-4ab2-bb8e-05650325c3ee}</UniqueIdentifier>
    </Filter>
    <Filter Include="Developer\Engine\SceneManager\Scenes\Source">
      <UniqueIdentifier>{e683ed43-5b85-4722-9036-5161564bf569}</UniqueIdentifier>
    </Filter>
    <Filter Include="Developer\Engine\EventHandler">
      <UniqueIdentifier>{b107f0f5-b0a6-4155-b56a-36c0e21ecb98}</UniqueIdentifier>
    </Filter>
    <Filter Include="Developer\Engine\EventHandler\Headers">
      <UniqueIdentifier>{5b6f8fc3-0b98-455a-8c73-771f5c4a1df4}</UniqueIdentifier>
    </Filter>
    <Filter Include="Developer\Engine\EventHandler\Source">
      <UniqueIdentifier>{11c678f4-86f9-4cdc-bd35-04172b5e9e85}</UniqueIdentifier>
    </Filter>
    <Filter Include="Developer\Engine\Helper">
      <UniqueIdentifier>{6b58bf3b-5170-4d59-89d4-66e1647cc38b}</UniqueIdentifier>
    </Filter>
    <Filter Include="Developer\Engine\Helper\Timer">
      <UniqueIdentifier>{c7f83edc-d67a-4313-aac0-904af8ce518f}</UniqueIdentifier>
    </Filter>
    <Filter Include="Developer\Engine\Helper\Timer\Headers">
      <UniqueIdentifier>{ad215e3b-accc-47db-aff5-13e37bc63622}</UniqueIdentifier>
    </Filter>
    <Filter Include="Developer\Engine\Helper\Timer\Source">
      <UniqueIdentifier>{b29542c5-9ee7-4745-81bb-0a43221f2981}</UniqueIdentifier>
    </Filter>
    <Filter Include="Developer\Graphics">
      <UniqueIdentifier>{6a4da564-7b36-4e6f-9d02-734cbb8bd977}</UniqueIdentifier>
    </Filter>
    <Filter Include="Developer\Graphics\Headers">
      <UniqueIdentifier>{1f669fc7-0cb2-4838-b7e8-22508ed3e898}</UniqueIdentifier>
    </Filter>
    <Filter Include="Developer\Graphics\Source">
      <UniqueIdentifier>{51b2de75-e556-40b2-9d41-01becf611613}</UniqueIdentifier>
    </Filter>
    <Filter Include="Developer\Enums">
      <UniqueIdentifier>{67c73041-2517-4054-ae0d-612dd21d4166}</UniqueIdentifier>
    </Filter>
    <Filter Include="Developer\UI">
      <UniqueIdentifier>{4f4e5c04-7171-48e1-944d-8bee4b7af17c}</UniqueIdentifier>
    </Filter>
    <Filter Include="Developer\UI\Cameras">
      <UniqueIdentifier>{c0a047f8-2318-4e1f-9509-d1a9053f623f}</UniqueIdentifier>
    </Filter>
    <Filter Include="Developer\UI\Cameras\Headers">
      <UniqueIdentifier>{b04b11e7-b54a-458e-8f56-7641222053ee}</UniqueIdentifier>
    </Filter>
    <Filter Include="Developer\UI\Cameras\Source">
      <UniqueIdentifier>{7e050487-72d1-40b3-a51c-2a9fbe1f1516}</UniqueIdentifier>
    </Filter>
    <Filter Include="Developer\UI\Cameras\Special Cameras">
      <UniqueIdentifier>{2c6c3825-91bb-49e4-ba93-a6927b69d4f9}</UniqueIdentifier>
    </Filter>
    <Filter Include="Developer\UI\Cameras\Special Cameras\Headers">
      <UniqueIdentifier>{e1756eec-1b9b-44aa-9a35-8bfb9d9e3eb9}</UniqueIdentifier>
    </Filter>
    <Filter Include="Developer\UI\Cameras\Special Cameras\Source">
      <UniqueIdentifier>{92b3bb31-2bfe-4ae5-8a12-de5103dad0b1}</UniqueIdentifier>
    </Filter>
    <Filter Include="Developer\Services">
      <UniqueIdentifier>{c47c1254-d873-4b78-8f50-c01933ba39d1}</UniqueIdentifier>
    </Filter>
    <Filter Include="Developer\Services\Service Locator">
      <UniqueIdentifier>{42e2af38-29f7-4e7f-8884-69c90ffee334}</UniqueIdentifier>
    </Filter>
    <Filter Include="Developer\Services\Math">
      <UniqueIdentifier>{10acb5bf-bb2b-4526-9659-bc6e733f6c2c}</UniqueIdentifier>
    </Filter>
    <Filter Include="Developer\Services\Math\Headers">
      <UniqueIdentifier>{1ebab386-3bfb-4923-bbd4-6c059b193c27}</UniqueIdentifier>
    </Filter>
    <Filter Include="Developer\Services\Math\Source">
      <UniqueIdentifier>{ee4c3548-60e0-4e3b-8e5e-142fadef2dd7}</UniqueIdentifier>
    </Filter>
    <Filter Include="Developer\Services\Math\MathAdapters">
      <UniqueIdentifier>{a21c4a32-f838-44d7-b0d1-4e44b8acead6}</UniqueIdentifier>
    </Filter>
    <Filter Include="Developer\Services\Math\MatrixContainer">
      <UniqueIdentifier>{abe754fa-29de-4126-ae9c-2b75d4c7b812}</UniqueIdentifier>
    </Filter>
    <Filter Include="Game Builder\Scene Builder">
      <UniqueIdentifier>{ea4f5775-c8bf-407f-b3ac-b3662c6de20e}</UniqueIdentifier>
    </Filter>
    <Filter Include="Game Builder\Prebuilt Objects">
      <UniqueIdentifier>{d82513bd-0553-4ddd-81dd-afcd57799a2d}</UniqueIdentifier>
    </Filter>
    <Filter Include="Game Builder\Game">
      <UniqueIdentifier>{04499191-5722-438d-982b-f1b85be488fa}</UniqueIdentifier>
    </Filter>
    <Filter Include="Game Builder\Prebuilt Objects\ECS">
      <UniqueIdentifier>{a08bba84-3baa-436d-ae4d-9480d1481347}</UniqueIdentifier>
    </Filter>
    <Filter Include="Developer\Engine\Headers">
      <UniqueIdentifier>{1e65a690-9ddd-4829-9812-88dc83223297}</UniqueIdentifier>
    </Filter>
    <Filter Include="Game Builder\Prebuilt Objects\ECS\Particles">
      <UniqueIdentifier>{a5e9b5a9-250a-48d8-9ec4-f807efbd2dd4}</UniqueIdentifier>
    </Filter>
    <Filter Include="Developer\Engine\Attributes">
      <UniqueIdentifier>{1eee3236-27bd-4bb0-8c9c-10919276b825}</UniqueIdentifier>
    </Filter>
    <Filter Include="Developer\Engine\Attributes\Headers">
      <UniqueIdentifier>{82b654ce-240d-4eb3-8a82-65cd0856dec4}</UniqueIdentifier>
    </Filter>
    <Filter Include="Developer\Engine\Attributes\Source">
      <UniqueIdentifier>{01653441-f7e5-48e9-a1e1-5cbb4b90b0db}</UniqueIdentifier>
    </Filter>
    <Filter Include="Game Builder\Prebuilt Objects\Attributes">
      <UniqueIdentifier>{faebf8c6-c84e-4c72-92f1-46d796b8c064}</UniqueIdentifier>
    </Filter>
    <Filter Include="Game Builder\Prebuilt Objects\Attributes\Collision">
      <UniqueIdentifier>{299333ee-4bbb-4d6d-97b3-32d0ce2a5395}</UniqueIdentifier>
    </Filter>
  </ItemGroup>
  <ItemGroup>
    <ClCompile Include="main.cpp">
      <Filter>Source Files</Filter>
    </ClCompile>
    <ClCompile Include="..\Game Builder\Scene Builder\Playground.cpp">
      <Filter>Game Builder\Scene Builder</Filter>
    </ClCompile>
    <ClCompile Include="..\Developer\Core\DirectXViewport.cpp">
      <Filter>Developer\Core\Source</Filter>
    </ClCompile>
    <ClCompile Include="..\Developer\Core\Dx11Base.cpp">
      <Filter>Developer\Core\Source</Filter>
    </ClCompile>
    <ClCompile Include="..\Developer\Core\GameSprite.cpp">
      <Filter>Developer\Core\Source</Filter>
    </ClCompile>
    <ClCompile Include="..\Developer\Core\PerformanceCounter.cpp">
      <Filter>Developer\Core\Source</Filter>
    </ClCompile>
    <ClCompile Include="..\Developer\Core\RenderEngine.cpp">
      <Filter>Developer\Core\Source</Filter>
    </ClCompile>
    <ClCompile Include="..\Developer\Core\stdafx.cpp">
      <Filter>Developer\Core\Source</Filter>
    </ClCompile>
    <ClCompile Include="..\Developer\Core\TheGameBase.cpp">
      <Filter>Developer\Core\Source</Filter>
    </ClCompile>
    <ClCompile Include="..\Developer\Engine\BasicLevelObject\BaseLevelObject.cpp">
      <Filter>Developer\Engine\BasicLevelObject\Source</Filter>
    </ClCompile>
    <ClCompile Include="..\Developer\Engine\Command\Command.cpp">
      <Filter>Developer\Engine\Command\Source</Filter>
    </ClCompile>
    <ClCompile Include="..\Developer\Engine\ECS\Component.cpp">
      <Filter>Developer\Engine\ECS\Source\Component</Filter>
    </ClCompile>
    <ClCompile Include="..\Developer\Engine\ECS\Entity.cpp">
      <Filter>Developer\Engine\ECS\Source\Entity</Filter>
    </ClCompile>
    <ClCompile Include="..\Developer\Engine\ECS\System.cpp">
      <Filter>Developer\Engine\ECS\Source\System</Filter>
    </ClCompile>
    <ClCompile Include="..\Developer\Engine\EventHandler\EventDispatcher.cpp">
      <Filter>Developer\Engine\EventHandler\Source</Filter>
    </ClCompile>
    <ClCompile Include="..\Developer\Engine\EventHandler\EventHandler.cpp">
      <Filter>Developer\Engine\EventHandler\Source</Filter>
    </ClCompile>
    <ClCompile Include="..\Developer\Engine\Helper\CountDown.cpp">
      <Filter>Developer\Engine\Helper\Timer\Source</Filter>
    </ClCompile>
    <ClCompile Include="..\Developer\Engine\Helper\StopWatch.cpp">
      <Filter>Developer\Engine\Helper\Timer\Source</Filter>
    </ClCompile>
    <ClCompile Include="..\Developer\Engine\MVC\Controller.cpp">
      <Filter>Developer\Engine\MVC\Source\Controllers</Filter>
    </ClCompile>
    <ClCompile Include="..\Developer\Engine\MVC\KeyController.cpp">
      <Filter>Developer\Engine\MVC\Source\Controllers</Filter>
    </ClCompile>
    <ClCompile Include="..\Developer\Engine\MVC\Model.cpp">
      <Filter>Developer\Engine\MVC\Source\Models</Filter>
    </ClCompile>
    <ClCompile Include="..\Developer\Engine\MVC\MouseController.cpp">
      <Filter>Developer\Engine\MVC\Source\Controllers</Filter>
    </ClCompile>
    <ClCompile Include="..\Developer\Engine\MVC\MovementKeyController.cpp">
      <Filter>Developer\Engine\MVC\Source\Concrete Classes\Controllers</Filter>
    </ClCompile>
    <ClCompile Include="..\Developer\Engine\MVC\MovementModel.cpp">
      <Filter>Developer\Engine\MVC\Source\Concrete Classes\Models</Filter>
    </ClCompile>
    <ClCompile Include="..\Developer\Engine\MVC\MovementSpriteView.cpp">
      <Filter>Developer\Engine\MVC\Source\Concrete Classes\Views</Filter>
    </ClCompile>
    <ClCompile Include="..\Developer\Engine\MVC\MVCContainer.cpp">
      <Filter>Developer\Engine\MVC\Source</Filter>
    </ClCompile>
    <ClCompile Include="..\Developer\Engine\MVC\TimerController.cpp">
      <Filter>Developer\Engine\MVC\Source\Controllers</Filter>
    </ClCompile>
    <ClCompile Include="..\Developer\Engine\MVC\View.cpp">
      <Filter>Developer\Engine\MVC\Source\Views</Filter>
    </ClCompile>
    <ClCompile Include="..\Developer\Engine\SceneManager\Scene.cpp">
      <Filter>Developer\Engine\SceneManager\Scenes\Source</Filter>
    </ClCompile>
    <ClCompile Include="..\Developer\Engine\SceneManager\SceneManager.cpp">
      <Filter>Developer\Engine\SceneManager\Source</Filter>
    </ClCompile>
    <ClCompile Include="..\Developer\Engine\TheEngine.cpp">
      <Filter>Developer\Engine\Source</Filter>
    </ClCompile>
    <ClCompile Include="..\Developer\Enums\Keys.cpp">
      <Filter>Developer\Enums</Filter>
    </ClCompile>
    <ClCompile Include="..\Developer\Graphics\Rectangle.cpp">
      <Filter>Developer\Graphics\Source</Filter>
    </ClCompile>
    <ClCompile Include="..\Developer\Graphics\Sprite.cpp">
      <Filter>Developer\Graphics\Source</Filter>
    </ClCompile>
    <ClCompile Include="..\Developer\Services\WindowScreen.cpp">
      <Filter>Developer\Services</Filter>
    </ClCompile>
    <ClCompile Include="..\Developer\Services\ServiceLocator.cpp">
      <Filter>Developer\Services\Service Locator</Filter>
    </ClCompile>
    <ClCompile Include="..\Developer\Services\Math\MathFunctions.cpp">
      <Filter>Developer\Services\Math\Source</Filter>
    </ClCompile>
    <ClCompile Include="..\Developer\Services\Math\DataTypes.cpp">
      <Filter>Developer\Services\Math\Source</Filter>
    </ClCompile>
    <ClCompile Include="..\Developer\Services\Math\MatrixContainer\DirectXMatrixContainer.cpp">
      <Filter>Developer\Services\Math\MatrixContainer</Filter>
    </ClCompile>
    <ClCompile Include="..\Developer\Services\Math\MathAdapters\DirectXMathAdapter.cpp">
      <Filter>Developer\Services\Math\MathAdapters</Filter>
    </ClCompile>
    <ClCompile Include="..\Developer\UI\Cameras\Camera.cpp">
      <Filter>Developer\UI\Cameras\Source</Filter>
    </ClCompile>
    <ClCompile Include="..\Developer\UI\Cameras\Special Cameras\TrackingCamera.cpp">
      <Filter>Developer\UI\Cameras\Special Cameras\Source</Filter>
    </ClCompile>
    <ClCompile Include="..\Game Builder\Game\Game.cpp">
      <Filter>Game Builder\Game</Filter>
    </ClCompile>
    <ClCompile Include="..\Game Builder\Prebuilt Objects\MovementLevelObject.cpp">
      <Filter>Game Builder\Prebuilt Objects</Filter>
    </ClCompile>
    <ClCompile Include="..\Developer\Engine\ECS\SystemContainer.cpp">
      <Filter>Developer\Engine\ECS\Source\System</Filter>
    </ClCompile>
    <ClCompile Include="..\Game Builder\Prebuilt Objects\ECS\Particle.cpp">
      <Filter>Game Builder\Prebuilt Objects\ECS\Particles</Filter>
    </ClCompile>
    <ClCompile Include="..\Game Builder\Prebuilt Objects\ECS\ParticleComponent.cpp">
      <Filter>Game Builder\Prebuilt Objects\ECS\Particles</Filter>
    </ClCompile>
    <ClCompile Include="..\Game Builder\Prebuilt Objects\ECS\ParticleSystem.cpp">
      <Filter>Game Builder\Prebuilt Objects\ECS\Particles</Filter>
    </ClCompile>
    <ClCompile Include="..\Developer\Graphics\Color.cpp">
      <Filter>Developer\Graphics\Source</Filter>
    </ClCompile>
    <ClCompile Include="..\Developer\Engine\Attributes\Attributes.cpp">
      <Filter>Developer\Engine\Attributes\Source</Filter>
    </ClCompile>
    <ClCompile Include="..\Developer\Engine\Attributes\Agent.cpp">
      <Filter>Developer\Engine\Attributes\Source</Filter>
    </ClCompile>
    <ClCompile Include="..\Developer\Engine\BasicLevelObject\BaseMVCObject.cpp">
      <Filter>Developer\Engine\BasicLevelObject\Source</Filter>
    </ClCompile>
    <ClCompile Include="..\Developer\Engine\BasicLevelObject\GameObject.cpp">
      <Filter>Developer\Engine\BasicLevelObject\Source</Filter>
    </ClCompile>
    <ClCompile Include="..\Game Builder\Prebuilt Objects\Attributes\CollisionAttribute.cpp">
      <Filter>Game Builder\Prebuilt Objects\Attributes\Collision</Filter>
    </ClCompile>
  </ItemGroup>
  <ItemGroup>
    <ClInclude Include="..\Game Builder\Scene Builder\Playground.h">
      <Filter>Game Builder\Scene Builder</Filter>
    </ClInclude>
    <ClInclude Include="..\Developer\Core\DirectXViewport.h">
      <Filter>Developer\Core\Header</Filter>
    </ClInclude>
    <ClInclude Include="..\Developer\Core\Dx11Base.h">
      <Filter>Developer\Core\Header</Filter>
    </ClInclude>
    <ClInclude Include="..\Developer\Core\GameSprite.h">
      <Filter>Developer\Core\Header</Filter>
    </ClInclude>
    <ClInclude Include="..\Developer\Core\PerformanceCounter.h">
      <Filter>Developer\Core\Header</Filter>
    </ClInclude>
    <ClInclude Include="..\Developer\Core\RenderEngine.h">
      <Filter>Developer\Core\Header</Filter>
    </ClInclude>
    <ClInclude Include="..\Developer\Core\StandardTemplates.h">
      <Filter>Developer\Core\Header</Filter>
    </ClInclude>
    <ClInclude Include="..\Developer\Core\stdafx.h">
      <Filter>Developer\Core\Header</Filter>
    </ClInclude>
    <ClInclude Include="..\Developer\Core\TheGameBase.h">
      <Filter>Developer\Core\Header</Filter>
    </ClInclude>
    <ClInclude Include="..\Developer\Core\Viewport.h">
      <Filter>Developer\Core\Header</Filter>
    </ClInclude>
    <ClInclude Include="..\Developer\Engine\BasicLevelObject\BaseLevelObject.h">
      <Filter>Developer\Engine\BasicLevelObject\Headers</Filter>
    </ClInclude>
    <ClInclude Include="..\Developer\Engine\Command\CameraResizeCommand.h">
      <Filter>Developer\Engine\Command\Concrete Classes\Headers</Filter>
    </ClInclude>
    <ClInclude Include="..\Developer\Engine\Command\Command.h">
      <Filter>Developer\Engine\Command\Headers</Filter>
    </ClInclude>
    <ClInclude Include="..\Developer\Engine\ECS\ECSTypes.h">
      <Filter>Developer\Engine\ECS</Filter>
    </ClInclude>
    <ClInclude Include="..\Developer\Engine\ECS\Component.h">
      <Filter>Developer\Engine\ECS\Headers\Component</Filter>
    </ClInclude>
    <ClInclude Include="..\Developer\Engine\ECS\Entity.h">
      <Filter>Developer\Engine\ECS\Headers\Entity</Filter>
    </ClInclude>
    <ClInclude Include="..\Developer\Engine\ECS\System.h">
      <Filter>Developer\Engine\ECS\Headers\System</Filter>
    </ClInclude>
    <ClInclude Include="..\Developer\Engine\EventHandler\Events.h">
      <Filter>Developer\Engine\EventHandler</Filter>
    </ClInclude>
    <ClInclude Include="..\Developer\Engine\EventHandler\EventDispatcher.h">
      <Filter>Developer\Engine\EventHandler\Headers</Filter>
    </ClInclude>
    <ClInclude Include="..\Developer\Engine\EventHandler\EventHandler.h">
      <Filter>Developer\Engine\EventHandler\Headers</Filter>
    </ClInclude>
    <ClInclude Include="..\Developer\Engine\TheEngine.h">
      <Filter>Developer\Engine\Headers</Filter>
    </ClInclude>
    <ClInclude Include="..\Developer\Engine\Helper\Helpers.h">
      <Filter>Developer\Engine\Helper</Filter>
    </ClInclude>
    <ClInclude Include="..\Developer\Engine\Helper\CountDown.h">
      <Filter>Developer\Engine\Helper\Timer\Headers</Filter>
    </ClInclude>
    <ClInclude Include="..\Developer\Engine\Helper\StopWatch.h">
      <Filter>Developer\Engine\Helper\Timer\Headers</Filter>
    </ClInclude>
    <ClInclude Include="..\Developer\Engine\MVC\MVC.h">
      <Filter>Developer\Engine\MVC</Filter>
    </ClInclude>
    <ClInclude Include="..\Developer\Engine\MVC\Controller.h">
      <Filter>Developer\Engine\MVC\Headers\Controllers</Filter>
    </ClInclude>
    <ClInclude Include="..\Developer\Engine\MVC\KeyController.h">
      <Filter>Developer\Engine\MVC\Headers\Controllers</Filter>
    </ClInclude>
    <ClInclude Include="..\Developer\Engine\MVC\Model.h">
      <Filter>Developer\Engine\MVC\Headers\Models</Filter>
    </ClInclude>
    <ClInclude Include="..\Developer\Engine\MVC\MouseController.h">
      <Filter>Developer\Engine\MVC\Headers\Controllers</Filter>
    </ClInclude>
    <ClInclude Include="..\Developer\Engine\MVC\MovementKeyController.h">
      <Filter>Developer\Engine\MVC\Headers\Concrete Classes\Controllers</Filter>
    </ClInclude>
    <ClInclude Include="..\Developer\Engine\MVC\MovementModel.h">
      <Filter>Developer\Engine\MVC\Headers\Concrete Classes\Models</Filter>
    </ClInclude>
    <ClInclude Include="..\Developer\Engine\MVC\MovementSpriteView.h">
      <Filter>Developer\Engine\MVC\Headers\Concrete Classes\Views</Filter>
    </ClInclude>
    <ClInclude Include="..\Developer\Engine\MVC\MVCContainer.h">
      <Filter>Developer\Engine\MVC\Headers</Filter>
    </ClInclude>
    <ClInclude Include="..\Developer\Engine\MVC\TimerController.h">
      <Filter>Developer\Engine\MVC\Headers\Controllers</Filter>
    </ClInclude>
    <ClInclude Include="..\Developer\Engine\MVC\View.h">
      <Filter>Developer\Engine\MVC\Headers\Views</Filter>
    </ClInclude>
    <ClInclude Include="..\Developer\Engine\SceneManager\SceneManagerHeaders.h">
      <Filter>Developer\Engine\SceneManager</Filter>
    </ClInclude>
    <ClInclude Include="..\Developer\Engine\SceneManager\Scene.h">
      <Filter>Developer\Engine\SceneManager\Scenes\Headers</Filter>
    </ClInclude>
    <ClInclude Include="..\Developer\Engine\SceneManager\SceneManager.h">
      <Filter>Developer\Engine\SceneManager\Headers</Filter>
    </ClInclude>
    <ClInclude Include="..\Developer\Enums\Keys.h">
      <Filter>Developer\Enums</Filter>
    </ClInclude>
    <ClInclude Include="..\Developer\Graphics\Rectangle.h">
      <Filter>Developer\Graphics\Headers</Filter>
    </ClInclude>
    <ClInclude Include="..\Developer\Graphics\Sprite.h">
      <Filter>Developer\Graphics\Headers</Filter>
    </ClInclude>
    <ClInclude Include="..\Developer\Services\Renderer.h">
      <Filter>Developer\Services</Filter>
    </ClInclude>
    <ClInclude Include="..\Developer\Services\ScreenSize.h">
      <Filter>Developer\Services</Filter>
    </ClInclude>
    <ClInclude Include="..\Developer\Services\WindowScreen.h">
      <Filter>Developer\Services</Filter>
    </ClInclude>
    <ClInclude Include="..\Developer\Services\ServiceLocator.h">
      <Filter>Developer\Services\Service Locator</Filter>
    </ClInclude>
    <ClInclude Include="..\Developer\Services\Math\LevelUpMath.h">
      <Filter>Developer\Services\Math</Filter>
    </ClInclude>
    <ClInclude Include="..\Developer\Services\Math\DataTypes.h">
      <Filter>Developer\Services\Math\Headers</Filter>
    </ClInclude>
    <ClInclude Include="..\Developer\Services\Math\MathFunctions.h">
      <Filter>Developer\Services\Math\Headers</Filter>
    </ClInclude>
    <ClInclude Include="..\Developer\Services\Math\MatrixContainer\DirectXMatrixContainer.h">
      <Filter>Developer\Services\Math\MatrixContainer</Filter>
    </ClInclude>
    <ClInclude Include="..\Developer\Services\Math\MatrixContainer\MatrixContainer.h">
      <Filter>Developer\Services\Math\MatrixContainer</Filter>
    </ClInclude>
    <ClInclude Include="..\Developer\Services\Math\MathAdapters\DirectXMathAdapter.h">
      <Filter>Developer\Services\Math\MathAdapters</Filter>
    </ClInclude>
    <ClInclude Include="..\Developer\Services\Math\MathAdapters\MathAdapter.h">
      <Filter>Developer\Services\Math\MathAdapters</Filter>
    </ClInclude>
    <ClInclude Include="..\Developer\UI\Cameras\Camera.h">
      <Filter>Developer\UI\Cameras\Headers</Filter>
    </ClInclude>
    <ClInclude Include="..\Developer\UI\Cameras\Special Cameras\TrackingCamera.h">
      <Filter>Developer\UI\Cameras\Special Cameras\Headers</Filter>
    </ClInclude>
    <ClInclude Include="..\Game Builder\Game\Game.h">
      <Filter>Game Builder\Game</Filter>
    </ClInclude>
    <ClInclude Include="..\Game Builder\Prebuilt Objects\MovementLevelObject.h">
      <Filter>Game Builder\Prebuilt Objects</Filter>
    </ClInclude>
    <ClInclude Include="..\Developer\Engine\ECS\SystemContainer.h">
      <Filter>Developer\Engine\ECS\Headers\System</Filter>
    </ClInclude>
    <ClInclude Include="..\Game Builder\Prebuilt Objects\ECS\Particle.h">
      <Filter>Game Builder\Prebuilt Objects\ECS\Particles</Filter>
    </ClInclude>
    <ClInclude Include="..\Game Builder\Prebuilt Objects\ECS\ParticleComponent.h">
      <Filter>Game Builder\Prebuilt Objects\ECS\Particles</Filter>
    </ClInclude>
    <ClInclude Include="..\Game Builder\Prebuilt Objects\ECS\ParticleSystem.h">
      <Filter>Game Builder\Prebuilt Objects\ECS\Particles</Filter>
    </ClInclude>
    <ClInclude Include="..\Developer\Graphics\Color.h">
      <Filter>Developer\Graphics\Headers</Filter>
    </ClInclude>
    <ClInclude Include="..\Developer\Engine\Attributes\Attributes.h">
      <Filter>Developer\Engine\Attributes\Headers</Filter>
    </ClInclude>
    <ClInclude Include="..\Developer\Engine\Attributes\Agent.h">
      <Filter>Developer\Engine\Attributes\Headers</Filter>
    </ClInclude>
    <ClInclude Include="..\Developer\Engine\BasicLevelObject\BaseMVCObject.h">
      <Filter>Developer\Engine\BasicLevelObject\Headers</Filter>
    </ClInclude>
    <ClInclude Include="..\Developer\Engine\BasicLevelObject\GameObject.h">
      <Filter>Developer\Engine\BasicLevelObject\Headers</Filter>
    </ClInclude>
    <ClInclude Include="..\Game Builder\Prebuilt Objects\Attributes\CollisionAttribute.h">
      <Filter>Game Builder\Prebuilt Objects\Attributes\Collision</Filter>
    </ClInclude>
  </ItemGroup>
  <ItemGroup>
    <None Include="packages.config" />
  </ItemGroup>
</Project>